
Microsoft Visual Studio Solution File, Format Version 12.00
# Visual Studio Version 17
VisualStudioVersion = 17.7.34031.279
MinimumVisualStudioVersion = 10.0.40219.1
Project("{FAE04EC0-301F-11D3-BF4B-00C04F79EFBC}") = "App2.Android", "App2\App2.Android\App2.Android.csproj", "{B082048D-18C3-4606-BDEC-5D7CC4C9B39F}"
EndProject
Project("{FAE04EC0-301F-11D3-BF4B-00C04F79EFBC}") = "App2.iOS", "App2\App2.iOS\App2.iOS.csproj", "{421681D2-5B93-48A6-B085-1800D2DE258F}"
EndProject
Project("{FAE04EC0-301F-11D3-BF4B-00C04F79EFBC}") = "App2", "App2\App2\App2.csproj", "{2B0078A8-B0E5-44BA-B8EF-EF50DB893D80}"
EndProject
Global
	GlobalSection(SolutionConfigurationPlatforms) = preSolution
		Debug|Any CPU = Debug|Any CPU
		Debug|iPhone = Debug|iPhone
		Debug|iPhoneSimulator = Debug|iPhoneSimulator
		Release|Any CPU = Release|Any CPU
		Release|iPhone = Release|iPhone
		Release|iPhoneSimulator = Release|iPhoneSimulator
	EndGlobalSection
	GlobalSection(ProjectConfigurationPlatforms) = postSolution
		{B082048D-18C3-4606-BDEC-5D7CC4C9B39F}.Debug|Any CPU.ActiveCfg = Debug|Any CPU
		{B082048D-18C3-4606-BDEC-5D7CC4C9B39F}.Debug|Any CPU.Build.0 = Debug|Any CPU
		{B082048D-18C3-4606-BDEC-5D7CC4C9B39F}.Debug|Any CPU.Deploy.0 = Debug|Any CPU
		{B082048D-18C3-4606-BDEC-5D7CC4C9B39F}.Debug|iPhone.ActiveCfg = Debug|Any CPU
		{B082048D-18C3-4606-BDEC-5D7CC4C9B39F}.Debug|iPhone.Build.0 = Debug|Any CPU
		{B082048D-18C3-4606-BDEC-5D7CC4C9B39F}.Debug|iPhone.Deploy.0 = Debug|Any CPU
		{B082048D-18C3-4606-BDEC-5D7CC4C9B39F}.Debug|iPhoneSimulator.ActiveCfg = Debug|Any CPU
		{B082048D-18C3-4606-BDEC-5D7CC4C9B39F}.Debug|iPhoneSimulator.Build.0 = Debug|Any CPU
		{B082048D-18C3-4606-BDEC-5D7CC4C9B39F}.Debug|iPhoneSimulator.Deploy.0 = Debug|Any CPU
		{B082048D-18C3-4606-BDEC-5D7CC4C9B39F}.Release|Any CPU.ActiveCfg = Release|Any CPU
		{B082048D-18C3-4606-BDEC-5D7CC4C9B39F}.Release|Any CPU.Build.0 = Release|Any CPU
		{B082048D-18C3-4606-BDEC-5D7CC4C9B39F}.Release|Any CPU.Deploy.0 = Release|Any CPU
		{B082048D-18C3-4606-BDEC-5D7CC4C9B39F}.Release|iPhone.ActiveCfg = Release|Any CPU
		{B082048D-18C3-4606-BDEC-5D7CC4C9B39F}.Release|iPhone.Build.0 = Release|Any CPU
		{B082048D-18C3-4606-BDEC-5D7CC4C9B39F}.Release|iPhone.Deploy.0 = Release|Any CPU
		{B082048D-18C3-4606-BDEC-5D7CC4C9B39F}.Release|iPhoneSimulator.ActiveCfg = Release|Any CPU
		{B082048D-18C3-4606-BDEC-5D7CC4C9B39F}.Release|iPhoneSimulator.Build.0 = Release|Any CPU
		{B082048D-18C3-4606-BDEC-5D7CC4C9B39F}.Release|iPhoneSimulator.Deploy.0 = Release|Any CPU
		{421681D2-5B93-48A6-B085-1800D2DE258F}.Debug|Any CPU.ActiveCfg = Debug|iPhone
		{421681D2-5B93-48A6-B085-1800D2DE258F}.Debug|Any CPU.Build.0 = Debug|iPhone
		{421681D2-5B93-48A6-B085-1800D2DE258F}.Debug|Any CPU.Deploy.0 = Debug|iPhone
		{421681D2-5B93-48A6-B085-1800D2DE258F}.Debug|iPhone.ActiveCfg = Debug|iPhone
		{421681D2-5B93-48A6-B085-1800D2DE258F}.Debug|iPhone.Build.0 = Debug|iPhone
		{421681D2-5B93-48A6-B085-1800D2DE258F}.Debug|iPhone.Deploy.0 = Debug|iPhone
		{421681D2-5B93-48A6-B085-1800D2DE258F}.Debug|iPhoneSimulator.ActiveCfg = Debug|iPhoneSimulator
		{421681D2-5B93-48A6-B085-1800D2DE258F}.Debug|iPhoneSimulator.Build.0 = Debug|iPhoneSimulator
		{421681D2-5B93-48A6-B085-1800D2DE258F}.Debug|iPhoneSimulator.Deploy.0 = Debug|iPhoneSimulator
		{421681D2-5B93-48A6-B085-1800D2DE258F}.Release|Any CPU.ActiveCfg = Release|iPhoneSimulator
		{421681D2-5B93-48A6-B085-1800D2DE258F}.Release|Any CPU.Build.0 = Release|iPhoneSimulator
		{421681D2-5B93-48A6-B085-1800D2DE258F}.Release|Any CPU.Deploy.0 = Release|iPhoneSimulator
		{421681D2-5B93-48A6-B085-1800D2DE258F}.Release|iPhone.ActiveCfg = Release|iPhone
		{421681D2-5B93-48A6-B085-1800D2DE258F}.Release|iPhone.Build.0 = Release|iPhone
		{421681D2-5B93-48A6-B085-1800D2DE258F}.Release|iPhone.Deploy.0 = Release|iPhone
		{421681D2-5B93-48A6-B085-1800D2DE258F}.Release|iPhoneSimulator.ActiveCfg = Release|iPhoneSimulator
		{421681D2-5B93-48A6-B085-1800D2DE258F}.Release|iPhoneSimulator.Build.0 = Release|iPhoneSimulator
		{421681D2-5B93-48A6-B085-1800D2DE258F}.Release|iPhoneSimulator.Deploy.0 = Release|iPhoneSimulator
		{2B0078A8-B0E5-44BA-B8EF-EF50DB893D80}.Debug|Any CPU.ActiveCfg = Debug|Any CPU
		{2B0078A8-B0E5-44BA-B8EF-EF50DB893D80}.Debug|Any CPU.Build.0 = Debug|Any CPU
		{2B0078A8-B0E5-44BA-B8EF-EF50DB893D80}.Debug|Any CPU.Deploy.0 = Debug|Any CPU
		{2B0078A8-B0E5-44BA-B8EF-EF50DB893D80}.Debug|iPhone.ActiveCfg = Debug|Any CPU
		{2B0078A8-B0E5-44BA-B8EF-EF50DB893D80}.Debug|iPhone.Build.0 = Debug|Any CPU
		{2B0078A8-B0E5-44BA-B8EF-EF50DB893D80}.Debug|iPhone.Deploy.0 = Debug|Any CPU
		{2B0078A8-B0E5-44BA-B8EF-EF50DB893D80}.Debug|iPhoneSimulator.ActiveCfg = Debug|Any CPU
		{2B0078A8-B0E5-44BA-B8EF-EF50DB893D80}.Debug|iPhoneSimulator.Build.0 = Debug|Any CPU
		{2B0078A8-B0E5-44BA-B8EF-EF50DB893D80}.Debug|iPhoneSimulator.Deploy.0 = Debug|Any CPU
		{2B0078A8-B0E5-44BA-B8EF-EF50DB893D80}.Release|Any CPU.ActiveCfg = Release|Any CPU
		{2B0078A8-B0E5-44BA-B8EF-EF50DB893D80}.Release|Any CPU.Build.0 = Release|Any CPU
		{2B0078A8-B0E5-44BA-B8EF-EF50DB893D80}.Release|Any CPU.Deploy.0 = Release|Any CPU
		{2B0078A8-B0E5-44BA-B8EF-EF50DB893D80}.Release|iPhone.ActiveCfg = Release|Any CPU
		{2B0078A8-B0E5-44BA-B8EF-EF50DB893D80}.Release|iPhone.Build.0 = Release|Any CPU
		{2B0078A8-B0E5-44BA-B8EF-EF50DB893D80}.Release|iPhone.Deploy.0 = Release|Any CPU
		{2B0078A8-B0E5-44BA-B8EF-EF50DB893D80}.Release|iPhoneSimulator.ActiveCfg = Release|Any CPU
		{2B0078A8-B0E5-44BA-B8EF-EF50DB893D80}.Release|iPhoneSimulator.Build.0 = Release|Any CPU
		{2B0078A8-B0E5-44BA-B8EF-EF50DB893D80}.Release|iPhoneSimulator.Deploy.0 = Release|Any CPU
	EndGlobalSection
	GlobalSection(SolutionProperties) = preSolution
		HideSolutionNode = FALSE
	EndGlobalSection
	GlobalSection(ExtensibilityGlobals) = postSolution
		SolutionGuid = {99AEC157-5C38-4CE5-B7B1-98CB53024DA7}
	EndGlobalSection
EndGlobal
